
Microsoft Visual Studio Solution File, Format Version 12.00
# Visual Studio 15
VisualStudioVersion = 15.0.28307.902
MinimumVisualStudioVersion = 10.0.40219.1
Project("{FAE04EC0-301F-11D3-BF4B-00C04F79EFBC}") = "ExplorerRestarter", "ExplorerRestarter\ExplorerRestarter.csproj", "{B3FC7BF5-E9DD-4026-A6A1-5E2D3544A48F}"
EndProject
Global
	GlobalSection(SolutionConfigurationPlatforms) = preSolution
		Debug|Any CPU = Debug|Any CPU
		Release|Any CPU = Release|Any CPU
	EndGlobalSection
	GlobalSection(ProjectConfigurationPlatforms) = postSolution
		{B3FC7BF5-E9DD-4026-A6A1-5E2D3544A48F}.Debug|Any CPU.ActiveCfg = Debug|Any CPU
		{B3FC7BF5-E9DD-4026-A6A1-5E2D3544A48F}.Debug|Any CPU.Build.0 = Debug|Any CPU
		{B3FC7BF5-E9DD-4026-A6A1-5E2D3544A48F}.Release|Any CPU.ActiveCfg = Release|Any CPU
		{B3FC7BF5-E9DD-4026-A6A1-5E2D3544A48F}.Release|Any CPU.Build.0 = Release|Any CPU
	EndGlobalSection
	GlobalSection(SolutionProperties) = preSolution
		HideSolutionNode = FALSE
	EndGlobalSection
	GlobalSection(ExtensibilityGlobals) = postSolution
		SolutionGuid = {08FDDAF3-A1A2-44E1-AE9B-236A4B44A420}
	EndGlobalSection
EndGlobal
